Microsoft Visual Studio Solution File, Format Version 12.00
# Visual Studio Version 16
VisualStudioVersion = 16.0.29020.237
MinimumVisualStudioVersion = 10.0.40219.1
Project("{FAE04EC0-301F-11D3-BF4B-00C04F79EFBC}") = "Application", "PracticalCodingTest\Application.csproj", "{031BDBB4-A8D1-4D0C-9473-CEC54B509A14}"
EndProject
Project("{9A19103F-16F7-4668-BE54-9A1E7A4F7556}") = "Data", "PracticalCodingTest.Data\Data.csproj", "{6655C2D7-C4DE-4F43-BAEE-CA86125BDBB1}"
EndProject
Project("{9A19103F-16F7-4668-BE54-9A1E7A4F7556}") = "UnitTests", "PracticalCodingTest.NetStandardTests\UnitTests.csproj", "{A5E4875C-2B5B-4C31-B43B-B8B947AA7764}"
EndProject
Project("{FAE04EC0-301F-11D3-BF4B-00C04F79EFBC}") = "DomainInterfaces", "PracticalCodingTest.DomainInterfaces\DomainInterfaces.csproj", "{58FE3148-4DE9-4037-9B90-A83436AE3B8F}"
EndProject
Project("{FAE04EC0-301F-11D3-BF4B-00C04F79EFBC}") = "Domain", "PracticalCodingTest.Domain\Domain.csproj", "{00EEBE3E-C54A-4FEC-A18D-58660065D3F6}"
EndProject
Project("{FAE04EC0-301F-11D3-BF4B-00C04F79EFBC}") = "DatabaseInterfaces", "DatabaseInterfaces\DatabaseInterfaces.csproj", "{646411F7-2891-4360-8B56-21059823F2B1}"
EndProject
Project("{FAE04EC0-301F-11D3-BF4B-00C04F79EFBC}") = "Database", "PracticalCodingTest.Database\Database.csproj", "{3A3CA0FF-026E-45EA-8F6B-6C2AE9344C72}"
EndProject
Global
	GlobalSection(SolutionConfigurationPlatforms) = preSolution
		Debug|Any CPU = Debug|Any CPU
		Debug|iPhone = Debug|iPhone
		Debug|iPhoneSimulator = Debug|iPhoneSimulator
		Release|Any CPU = Release|Any CPU
		Release|iPhone = Release|iPhone
		Release|iPhoneSimulator = Release|iPhoneSimulator
	EndGlobalSection
	GlobalSection(ProjectConfigurationPlatforms) = postSolution
		{031BDBB4-A8D1-4D0C-9473-CEC54B509A14}.Debug|Any CPU.ActiveCfg = Debug|iPhoneSimulator
		{031BDBB4-A8D1-4D0C-9473-CEC54B509A14}.Debug|iPhone.ActiveCfg = Debug|iPhone
		{031BDBB4-A8D1-4D0C-9473-CEC54B509A14}.Debug|iPhone.Build.0 = Debug|iPhone
		{031BDBB4-A8D1-4D0C-9473-CEC54B509A14}.Debug|iPhoneSimulator.ActiveCfg = Debug|iPhoneSimulator
		{031BDBB4-A8D1-4D0C-9473-CEC54B509A14}.Debug|iPhoneSimulator.Build.0 = Debug|iPhoneSimulator
		{031BDBB4-A8D1-4D0C-9473-CEC54B509A14}.Release|Any CPU.ActiveCfg = Release|iPhoneSimulator
		{031BDBB4-A8D1-4D0C-9473-CEC54B509A14}.Release|iPhone.ActiveCfg = Release|iPhone
		{031BDBB4-A8D1-4D0C-9473-CEC54B509A14}.Release|iPhone.Build.0 = Release|iPhone
		{031BDBB4-A8D1-4D0C-9473-CEC54B509A14}.Release|iPhoneSimulator.ActiveCfg = Release|iPhoneSimulator
		{031BDBB4-A8D1-4D0C-9473-CEC54B509A14}.Release|iPhoneSimulator.Build.0 = Release|iPhoneSimulator
		{6655C2D7-C4DE-4F43-BAEE-CA86125BDBB1}.Debug|Any CPU.ActiveCfg = Debug|Any CPU
		{6655C2D7-C4DE-4F43-BAEE-CA86125BDBB1}.Debug|Any CPU.Build.0 = Debug|Any CPU
		{6655C2D7-C4DE-4F43-BAEE-CA86125BDBB1}.Debug|iPhone.ActiveCfg = Debug|Any CPU
		{6655C2D7-C4DE-4F43-BAEE-CA86125BDBB1}.Debug|iPhone.Build.0 = Debug|Any CPU
		{6655C2D7-C4DE-4F43-BAEE-CA86125BDBB1}.Debug|iPhoneSimulator.ActiveCfg = Debug|Any CPU
		{6655C2D7-C4DE-4F43-BAEE-CA86125BDBB1}.Debug|iPhoneSimulator.Build.0 = Debug|Any CPU
		{6655C2D7-C4DE-4F43-BAEE-CA86125BDBB1}.Release|Any CPU.ActiveCfg = Release|Any CPU
		{6655C2D7-C4DE-4F43-BAEE-CA86125BDBB1}.Release|Any CPU.Build.0 = Release|Any CPU
		{6655C2D7-C4DE-4F43-BAEE-CA86125BDBB1}.Release|iPhone.ActiveCfg = Release|Any CPU
		{6655C2D7-C4DE-4F43-BAEE-CA86125BDBB1}.Release|iPhone.Build.0 = Release|Any CPU
		{6655C2D7-C4DE-4F43-BAEE-CA86125BDBB1}.Release|iPhoneSimulator.ActiveCfg = Release|Any CPU
		{6655C2D7-C4DE-4F43-BAEE-CA86125BDBB1}.Release|iPhoneSimulator.Build.0 = Release|Any CPU
		{A5E4875C-2B5B-4C31-B43B-B8B947AA7764}.Debug|Any CPU.ActiveCfg = Debug|Any CPU
		{A5E4875C-2B5B-4C31-B43B-B8B947AA7764}.Debug|Any CPU.Build.0 = Debug|Any CPU
		{A5E4875C-2B5B-4C31-B43B-B8B947AA7764}.Debug|iPhone.ActiveCfg = Debug|Any CPU
		{A5E4875C-2B5B-4C31-B43B-B8B947AA7764}.Debug|iPhone.Build.0 = Debug|Any CPU
		{A5E4875C-2B5B-4C31-B43B-B8B947AA7764}.Debug|iPhoneSimulator.ActiveCfg = Debug|Any CPU
		{A5E4875C-2B5B-4C31-B43B-B8B947AA7764}.Debug|iPhoneSimulator.Build.0 = Debug|Any CPU
		{A5E4875C-2B5B-4C31-B43B-B8B947AA7764}.Release|Any CPU.ActiveCfg = Release|Any CPU
		{A5E4875C-2B5B-4C31-B43B-B8B947AA7764}.Release|Any CPU.Build.0 = Release|Any CPU
		{A5E4875C-2B5B-4C31-B43B-B8B947AA7764}.Release|iPhone.ActiveCfg = Release|Any CPU
		{A5E4875C-2B5B-4C31-B43B-B8B947AA7764}.Release|iPhone.Build.0 = Release|Any CPU
		{A5E4875C-2B5B-4C31-B43B-B8B947AA7764}.Release|iPhoneSimulator.ActiveCfg = Release|Any CPU
		{A5E4875C-2B5B-4C31-B43B-B8B947AA7764}.Release|iPhoneSimulator.Build.0 = Release|Any CPU
		{58FE3148-4DE9-4037-9B90-A83436AE3B8F}.Debug|Any CPU.ActiveCfg = Debug|Any CPU
		{58FE3148-4DE9-4037-9B90-A83436AE3B8F}.Debug|Any CPU.Build.0 = Debug|Any CPU
		{58FE3148-4DE9-4037-9B90-A83436AE3B8F}.Debug|iPhone.ActiveCfg = Debug|Any CPU
		{58FE3148-4DE9-4037-9B90-A83436AE3B8F}.Debug|iPhone.Build.0 = Debug|Any CPU
		{58FE3148-4DE9-4037-9B90-A83436AE3B8F}.Debug|iPhoneSimulator.ActiveCfg = Debug|Any CPU
		{58FE3148-4DE9-4037-9B90-A83436AE3B8F}.Debug|iPhoneSimulator.Build.0 = Debug|Any CPU
		{58FE3148-4DE9-4037-9B90-A83436AE3B8F}.Release|Any CPU.ActiveCfg = Release|Any CPU
		{58FE3148-4DE9-4037-9B90-A83436AE3B8F}.Release|Any CPU.Build.0 = Release|Any CPU
		{58FE3148-4DE9-4037-9B90-A83436AE3B8F}.Release|iPhone.ActiveCfg = Release|Any CPU
		{58FE3148-4DE9-4037-9B90-A83436AE3B8F}.Release|iPhone.Build.0 = Release|Any CPU
		{58FE3148-4DE9-4037-9B90-A83436AE3B8F}.Release|iPhoneSimulator.ActiveCfg = Release|Any CPU
		{58FE3148-4DE9-4037-9B90-A83436AE3B8F}.Release|iPhoneSimulator.Build.0 = Release|Any CPU
		{00EEBE3E-C54A-4FEC-A18D-58660065D3F6}.Debug|Any CPU.ActiveCfg = Debug|Any CPU
		{00EEBE3E-C54A-4FEC-A18D-58660065D3F6}.Debug|Any CPU.Build.0 = Debug|Any CPU
		{00EEBE3E-C54A-4FEC-A18D-58660065D3F6}.Debug|iPhone.ActiveCfg = Debug|Any CPU
		{00EEBE3E-C54A-4FEC-A18D-58660065D3F6}.Debug|iPhone.Build.0 = Debug|Any CPU
		{00EEBE3E-C54A-4FEC-A18D-58660065D3F6}.Debug|iPhoneSimulator.ActiveCfg = Debug|Any CPU
		{00EEBE3E-C54A-4FEC-A18D-58660065D3F6}.Debug|iPhoneSimulator.Build.0 = Debug|Any CPU
		{00EEBE3E-C54A-4FEC-A18D-58660065D3F6}.Release|Any CPU.ActiveCfg = Release|Any CPU
		{00EEBE3E-C54A-4FEC-A18D-58660065D3F6}.Release|Any CPU.Build.0 = Release|Any CPU
		{00EEBE3E-C54A-4FEC-A18D-58660065D3F6}.Release|iPhone.ActiveCfg = Release|Any CPU
		{00EEBE3E-C54A-4FEC-A18D-58660065D3F6}.Release|iPhone.Build.0 = Release|Any CPU
		{00EEBE3E-C54A-4FEC-A18D-58660065D3F6}.Release|iPhoneSimulator.ActiveCfg = Release|Any CPU
		{00EEBE3E-C54A-4FEC-A18D-58660065D3F6}.Release|iPhoneSimulator.Build.0 = Release|Any CPU
		{646411F7-2891-4360-8B56-21059823F2B1}.Debug|Any CPU.ActiveCfg = Debug|Any CPU
		{646411F7-2891-4360-8B56-21059823F2B1}.Debug|Any CPU.Build.0 = Debug|Any CPU
		{646411F7-2891-4360-8B56-21059823F2B1}.Debug|iPhone.ActiveCfg = Debug|Any CPU
		{646411F7-2891-4360-8B56-21059823F2B1}.Debug|iPhone.Build.0 = Debug|Any CPU
		{646411F7-2891-4360-8B56-21059823F2B1}.Debug|iPhoneSimulator.ActiveCfg = Debug|Any CPU
		{646411F7-2891-4360-8B56-21059823F2B1}.Debug|iPhoneSimulator.Build.0 = Debug|Any CPU
		{646411F7-2891-4360-8B56-21059823F2B1}.Release|Any CPU.ActiveCfg = Release|Any CPU
		{646411F7-2891-4360-8B56-21059823F2B1}.Release|Any CPU.Build.0 = Release|Any CPU
		{646411F7-2891-4360-8B56-21059823F2B1}.Release|iPhone.ActiveCfg = Release|Any CPU
		{646411F7-2891-4360-8B56-21059823F2B1}.Release|iPhone.Build.0 = Release|Any CPU
		{646411F7-2891-4360-8B56-21059823F2B1}.Release|iPhoneSimulator.ActiveCfg = Release|Any CPU
		{646411F7-2891-4360-8B56-21059823F2B1}.Release|iPhoneSimulator.Build.0 = Release|Any CPU
		{3A3CA0FF-026E-45EA-8F6B-6C2AE9344C72}.Debug|Any CPU.ActiveCfg = Debug|Any CPU
		{3A3CA0FF-026E-45EA-8F6B-6C2AE9344C72}.Debug|Any CPU.Build.0 = Debug|Any CPU
		{3A3CA0FF-026E-45EA-8F6B-6C2AE9344C72}.Debug|iPhone.ActiveCfg = Debug|Any CPU
		{3A3CA0FF-026E-45EA-8F6B-6C2AE9344C72}.Debug|iPhone.Build.0 = Debug|Any CPU
		{3A3CA0FF-026E-45EA-8F6B-6C2AE9344C72}.Debug|iPhoneSimulator.ActiveCfg = Debug|Any CPU
		{3A3CA0FF-026E-45EA-8F6B-6C2AE9344C72}.Debug|iPhoneSimulator.Build.0 = Debug|Any CPU
		{3A3CA0FF-026E-45EA-8F6B-6C2AE9344C72}.Release|Any CPU.ActiveCfg = Release|Any CPU
		{3A3CA0FF-026E-45EA-8F6B-6C2AE9344C72}.Release|Any CPU.Build.0 = Release|Any CPU
		{3A3CA0FF-026E-45EA-8F6B-6C2AE9344C72}.Release|iPhone.ActiveCfg = Release|Any CPU
		{3A3CA0FF-026E-45EA-8F6B-6C2AE9344C72}.Release|iPhone.Build.0 = Release|Any CPU
		{3A3CA0FF-026E-45EA-8F6B-6C2AE9344C72}.Release|iPhoneSimulator.ActiveCfg = Release|Any CPU
		{3A3CA0FF-026E-45EA-8F6B-6C2AE9344C72}.Release|iPhoneSimulator.Build.0 = Release|Any CPU
	EndGlobalSection
	GlobalSection(SolutionProperties) = preSolution
		HideSolutionNode = FALSE
	EndGlobalSection
	GlobalSection(ExtensibilityGlobals) = postSolution
		SolutionGuid = {DF90D951-AFBC-4EC7-8AEA-3ADDE4C6D971}
	EndGlobalSection
EndGlobal
